
Microsoft Visual Studio Solution File, Format Version 12.00
# Visual Studio Version 17
VisualStudioVersion = 17.5.33530.505
MinimumVisualStudioVersion = 10.0.40219.1
Project("{FAE04EC0-301F-11D3-BF4B-00C04F79EFBC}") = "HSR_Discord_RPC", "HSR_Discord_RPC.csproj", "{E12F5875-F6C4-4EF2-B14E-ABCB7441281D}"
EndProject
Global
	GlobalSection(SolutionConfigurationPlatforms) = preSolution
		Debug|Any CPU = Debug|Any CPU
		Debug|x64 = Debug|x64
		Debug|x86 = Debug|x86
		Release|Any CPU = Release|Any CPU
		Release|x64 = Release|x64
		Release|x86 = Release|x86
	EndGlobalSection
	GlobalSection(ProjectConfigurationPlatforms) = postSolution
		{E12F5875-F6C4-4EF2-B14E-ABCB7441281D}.Debug|Any CPU.ActiveCfg = Debug|Any CPU
		{E12F5875-F6C4-4EF2-B14E-ABCB7441281D}.Debug|Any CPU.Build.0 = Debug|Any CPU
		{E12F5875-F6C4-4EF2-B14E-ABCB7441281D}.Debug|x64.ActiveCfg = Debug|Any CPU
		{E12F5875-F6C4-4EF2-B14E-ABCB7441281D}.Debug|x86.ActiveCfg = Debug|x64
		{E12F5875-F6C4-4EF2-B14E-ABCB7441281D}.Debug|x86.Build.0 = Debug|x64
		{E12F5875-F6C4-4EF2-B14E-ABCB7441281D}.Release|Any CPU.ActiveCfg = Release|Any CPU
		{E12F5875-F6C4-4EF2-B14E-ABCB7441281D}.Release|Any CPU.Build.0 = Release|Any CPU
		{E12F5875-F6C4-4EF2-B14E-ABCB7441281D}.Release|x64.ActiveCfg = Release|Any CPU
		{E12F5875-F6C4-4EF2-B14E-ABCB7441281D}.Release|x86.ActiveCfg = Release|x86
		{E12F5875-F6C4-4EF2-B14E-ABCB7441281D}.Release|x86.Build.0 = Release|x86
	EndGlobalSection
	GlobalSection(SolutionProperties) = preSolution
		HideSolutionNode = FALSE
	EndGlobalSection
	GlobalSection(ExtensibilityGlobals) = postSolution
		SolutionGuid = {A7E4DFFB-BF35-4EEE-BF37-48B9E82FFE75}
	EndGlobalSection
EndGlobal
